// !$*UTF8*$!
{
	archiveVersion = 1;
	classes = {
	};
	objectVersion = 46;
	objects = {

/* Begin PBXBuildFile section */
		055ACDD0C6355E3BBE235BF5 /* Pods_LemonfaceTests.framework in Frameworks */ = {isa = PBXBuildFile; fileRef = B6E4948DB6832A6F7F63B97B /* Pods_LemonfaceTests.framework */; settings = {ATTRIBUTES = (Weak, ); }; };
		C0633E0245F2DC63E63F363B /* Pods_Lemonface.framework in Frameworks */ = {isa = PBXBuildFile; fileRef = 2C8DD61ECC77D841093A566F /* Pods_Lemonface.framework */; settings = {ATTRIBUTES = (Weak, ); }; };
		D81E72A61B4C91F3003F8F8D /* ChooseFBPageVC.swift in Sources */ = {isa = PBXBuildFile; fileRef = D81E72A51B4C91F3003F8F8D /* ChooseFBPageVC.swift */; };
		D81E72A81B4C9A90003F8F8D /* RootNavigationController.swift in Sources */ = {isa = PBXBuildFile; fileRef = D81E72A71B4C9A90003F8F8D /* RootNavigationController.swift */; };
		D822257C1B4200EA00D80AE9 /* SLPagingViewSwift.swift in Sources */ = {isa = PBXBuildFile; fileRef = D822257B1B4200EA00D80AE9 /* SLPagingViewSwift.swift */; };
		D82225801B4201B300D80AE9 /* CandidatesTVC.swift in Sources */ = {isa = PBXBuildFile; fileRef = D822257F1B4201B300D80AE9 /* CandidatesTVC.swift */; };
		D82225881B4209C900D80AE9 /* ProfileVC.swift in Sources */ = {isa = PBXBuildFile; fileRef = D82225871B4209C900D80AE9 /* ProfileVC.swift */; };
		D822258A1B420C1400D80AE9 /* ApplicantsTVC.swift in Sources */ = {isa = PBXBuildFile; fileRef = D82225891B420C1400D80AE9 /* ApplicantsTVC.swift */; };
		D829018E1B4DBF60000023FD /* LFPagePickerVC.swift in Sources */ = {isa = PBXBuildFile; fileRef = D829018D1B4DBF60000023FD /* LFPagePickerVC.swift */; };
		D82FE3201B38A67900FEC8BA /* AppDelegate.swift in Sources */ = {isa = PBXBuildFile; fileRef = D82FE31F1B38A67900FEC8BA /* AppDelegate.swift */; };
		D82FE3231B38A67900FEC8BA /* Lemonface.xcdatamodeld in Sources */ = {isa = PBXBuildFile; fileRef = D82FE3211B38A67900FEC8BA /* Lemonface.xcdatamodeld */; };
		D82FE32A1B38A67900FEC8BA /* Images.xcassets in Resources */ = {isa = PBXBuildFile; fileRef = D82FE3291B38A67900FEC8BA /* Images.xcassets */; };
		D82FE32D1B38A67900FEC8BA /* LaunchScreen.xib in Resources */ = {isa = PBXBuildFile; fileRef = D82FE32B1B38A67900FEC8BA /* LaunchScreen.xib */; };
		D82FE3451B38C29E00FEC8BA /* CBLIncrementalStore.m in Sources */ = {isa = PBXBuildFile; fileRef = D82FE3441B38C29E00FEC8BA /* CBLIncrementalStore.m */; };
		D82FE3491B38C9B800FEC8BA /* CoreDataStack.swift in Sources */ = {isa = PBXBuildFile; fileRef = D82FE3481B38C9B800FEC8BA /* CoreDataStack.swift */; };
		D849A12F1B5458C7007FD661 /* TestCoreDataStack.swift in Sources */ = {isa = PBXBuildFile; fileRef = D849A12E1B5458C7007FD661 /* TestCoreDataStack.swift */; };
		D849A1341B546C75007FD661 /* LemonfaceMngrTest.swift in Sources */ = {isa = PBXBuildFile; fileRef = D849A1331B546C75007FD661 /* LemonfaceMngrTest.swift */; };
		D849A13B1B547ABA007FD661 /* Lemonface.swift in Sources */ = {isa = PBXBuildFile; fileRef = D8A324E41B4F19BE00DA3A76 /* Lemonface.swift */; };
		D849A13C1B547AE8007FD661 /* Message.swift in Sources */ = {isa = PBXBuildFile; fileRef = D8A324DE1B4F15FE00DA3A76 /* Message.swift */; };
		D849A13D1B547AEA007FD661 /* Lemonshop.swift in Sources */ = {isa = PBXBuildFile; fileRef = D8A324DA1B4F15FD00DA3A76 /* Lemonshop.swift */; };
		D849A13E1B547AED007FD661 /* Tags.swift in Sources */ = {isa = PBXBuildFile; fileRef = D8A324D81B4F15FD00DA3A76 /* Tags.swift */; };
		D849A13F1B547AF0007FD661 /* ShopPhoto.swift in Sources */ = {isa = PBXBuildFile; fileRef = D8A324D61B4F15FD00DA3A76 /* ShopPhoto.swift */; };
		D849A1401B547AF2007FD661 /* ProfilePhoto.swift in Sources */ = {isa = PBXBuildFile; fileRef = D8A324D41B4F15FD00DA3A76 /* ProfilePhoto.swift */; };
		D85DB7411B4A3C04004679E8 /* LFIntroContentVC.swift in Sources */ = {isa = PBXBuildFile; fileRef = D85DB7401B4A3C04004679E8 /* LFIntroContentVC.swift */; };
		D89977A41B41D55900AE49F5 /* Main.storyboard in Resources */ = {isa = PBXBuildFile; fileRef = D89977A31B41D55900AE49F5 /* Main.storyboard */; };
		D8A324D51B4F15FD00DA3A76 /* ProfilePhoto.swift in Sources */ = {isa = PBXBuildFile; fileRef = D8A324D41B4F15FD00DA3A76 /* ProfilePhoto.swift */; };
		D8A324D71B4F15FD00DA3A76 /* ShopPhoto.swift in Sources */ = {isa = PBXBuildFile; fileRef = D8A324D61B4F15FD00DA3A76 /* ShopPhoto.swift */; };
		D8A324D91B4F15FD00DA3A76 /* Tags.swift in Sources */ = {isa = PBXBuildFile; fileRef = D8A324D81B4F15FD00DA3A76 /* Tags.swift */; };
		D8A324DB1B4F15FD00DA3A76 /* Lemonshop.swift in Sources */ = {isa = PBXBuildFile; fileRef = D8A324DA1B4F15FD00DA3A76 /* Lemonshop.swift */; };
		D8A324DF1B4F15FE00DA3A76 /* Message.swift in Sources */ = {isa = PBXBuildFile; fileRef = D8A324DE1B4F15FE00DA3A76 /* Message.swift */; };
		D8A324E11B4F163900DA3A76 /* LemonfaceMngr.swift in Sources */ = {isa = PBXBuildFile; fileRef = D8A324E01B4F163900DA3A76 /* LemonfaceMngr.swift */; };
		D8A324E51B4F19BE00DA3A76 /* Lemonface.swift in Sources */ = {isa = PBXBuildFile; fileRef = D8A324E41B4F19BE00DA3A76 /* Lemonface.swift */; };
		D8A324E71B4F1F0700DA3A76 /* ObjCWrapperFunctions.swift in Sources */ = {isa = PBXBuildFile; fileRef = D8A324E61B4F1F0700DA3A76 /* ObjCWrapperFunctions.swift */; };
		D8C05C451B47CB81000B850C /* LFLoginVC.swift in Sources */ = {isa = PBXBuildFile; fileRef = D8C05C441B47CB81000B850C /* LFLoginVC.swift */; };
		D8C05C471B493DC4000B850C /* LFIntroVC.swift in Sources */ = {isa = PBXBuildFile; fileRef = D8C05C461B493DC4000B850C /* LFIntroVC.swift */; };
/* End PBXBuildFile section */

/* Begin PBXContainerItemProxy section */
		D82FE3331B38A67900FEC8BA /* PBXContainerItemProxy */ = {
			isa = PBXContainerItemProxy;
			containerPortal = D82FE3121B38A67900FEC8BA /* Project object */;
			proxyType = 1;
			remoteGlobalIDString = D82FE3191B38A67900FEC8BA;
			remoteInfo = Lemonface;
		};
/* End PBXContainerItemProxy section */

/* Begin PBXFileReference section */
		2C8DD61ECC77D841093A566F /* Pods_Lemonface.framework */ = {isa = PBXFileReference; explicitFileType = wrapper.framework; includeInIndex = 0; path = Pods_Lemonface.framework; sourceTree = BUILT_PRODUCTS_DIR; };
		6267585A7AE6920864AAB3EE /* Pods-LemonfaceTests.release.xcconfig */ = {isa = PBXFileReference; includeInIndex = 1; lastKnownFileType = text.xcconfig; name = "Pods-LemonfaceTests.release.xcconfig"; path = "Pods/Target Support Files/Pods-LemonfaceTests/Pods-LemonfaceTests.release.xcconfig"; sourceTree = "<group>"; };
		AACD32670E00D5A84C4977FD /* Pods-LemonfaceTests.debug.xcconfig */ = {isa = PBXFileReference; includeInIndex = 1; lastKnownFileType = text.xcconfig; name = "Pods-LemonfaceTests.debug.xcconfig"; path = "Pods/Target Support Files/Pods-LemonfaceTests/Pods-LemonfaceTests.debug.xcconfig"; sourceTree = "<group>"; };
		AD08B8C9BAACF08FE219BF01 /* Pods-Lemonface.release.xcconfig */ = {isa = PBXFileReference; includeInIndex = 1; lastKnownFileType = text.xcconfig; name = "Pods-Lemonface.release.xcconfig"; path = "Pods/Target Support Files/Pods-Lemonface/Pods-Lemonface.release.xcconfig"; sourceTree = "<group>"; };
		B6E4948DB6832A6F7F63B97B /* Pods_LemonfaceTests.framework */ = {isa = PBXFileReference; explicitFileType = wrapper.framework; includeInIndex = 0; path = Pods_LemonfaceTests.framework; sourceTree = BUILT_PRODUCTS_DIR; };
		BE58CCB9AB7D331921DDAB27 /* Pods-Lemonface.debug.xcconfig */ = {isa = PBXFileReference; includeInIndex = 1; lastKnownFileType = text.xcconfig; name = "Pods-Lemonface.debug.xcconfig"; path = "Pods/Target Support Files/Pods-Lemonface/Pods-Lemonface.debug.xcconfig"; sourceTree = "<group>"; };
		D81E72A51B4C91F3003F8F8D /* ChooseFBPageVC.swift */ = {isa = PBXFileReference; fileEncoding = 4; lastKnownFileType = sourcecode.swift; path = ChooseFBPageVC.swift; sourceTree = "<group>"; };
		D81E72A71B4C9A90003F8F8D /* RootNavigationController.swift */ = {isa = PBXFileReference; fileEncoding = 4; lastKnownFileType = sourcecode.swift; path = RootNavigationController.swift; sourceTree = "<group>"; };
		D822257B1B4200EA00D80AE9 /* SLPagingViewSwift.swift */ = {isa = PBXFileReference; fileEncoding = 4; lastKnownFileType = sourcecode.swift; path = SLPagingViewSwift.swift; sourceTree = "<group>"; };
		D822257F1B4201B300D80AE9 /* CandidatesTVC.swift */ = {isa = PBXFileReference; fileEncoding = 4; lastKnownFileType = sourcecode.swift; path = CandidatesTVC.swift; sourceTree = "<group>"; };
		D82225871B4209C900D80AE9 /* ProfileVC.swift */ = {isa = PBXFileReference; fileEncoding = 4; lastKnownFileType = sourcecode.swift; path = ProfileVC.swift; sourceTree = "<group>"; };
		D82225891B420C1400D80AE9 /* ApplicantsTVC.swift */ = {isa = PBXFileReference; fileEncoding = 4; lastKnownFileType = sourcecode.swift; path = ApplicantsTVC.swift; sourceTree = "<group>"; };
		D829018D1B4DBF60000023FD /* LFPagePickerVC.swift */ = {isa = PBXFileReference; fileEncoding = 4; lastKnownFileType = sourcecode.swift; path = LFPagePickerVC.swift; sourceTree = "<group>"; };
		D82FE31A1B38A67900FEC8BA /* Lemonface.app */ = {isa = PBXFileReference; explicitFileType = wrapper.application; includeInIndex = 0; path = Lemonface.app; sourceTree = BUILT_PRODUCTS_DIR; };
		D82FE31E1B38A67900FEC8BA /* Info.plist */ = {isa = PBXFileReference; lastKnownFileType = text.plist.xml; path = Info.plist; sourceTree = "<group>"; };
		D82FE31F1B38A67900FEC8BA /* AppDelegate.swift */ = {isa = PBXFileReference; lastKnownFileType = sourcecode.swift; path = AppDelegate.swift; sourceTree = "<group>"; };
		D82FE3221B38A67900FEC8BA /* Lemonface.xcdatamodel */ = {isa = PBXFileReference; lastKnownFileType = wrapper.xcdatamodel; path = Lemonface.xcdatamodel; sourceTree = "<group>"; };
		D82FE3291B38A67900FEC8BA /* Images.xcassets */ = {isa = PBXFileReference; lastKnownFileType = folder.assetcatalog; path = Images.xcassets; sourceTree = "<group>"; };
		D82FE32C1B38A67900FEC8BA /* Base */ = {isa = PBXFileReference; lastKnownFileType = file.xib; name = Base; path = Base.lproj/LaunchScreen.xib; sourceTree = "<group>"; };
		D82FE3321B38A67900FEC8BA /* LemonfaceTests.xctest */ = {isa = PBXFileReference; explicitFileType = wrapper.cfbundle; includeInIndex = 0; path = LemonfaceTests.xctest; sourceTree = BUILT_PRODUCTS_DIR; };
		D82FE3371B38A67900FEC8BA /* Info.plist */ = {isa = PBXFileReference; lastKnownFileType = text.plist.xml; path = Info.plist; sourceTree = "<group>"; };
		D82FE3421B38C29E00FEC8BA /* Lemonface-Bridging-Header.h */ = {isa = PBXFileReference; lastKnownFileType = sourcecode.c.h; path = "Lemonface-Bridging-Header.h"; sourceTree = "<group>"; };
		D82FE3431B38C29E00FEC8BA /* CBLIncrementalStore.h */ = {isa = PBXFileReference; fileEncoding = 4; lastKnownFileType = sourcecode.c.h; path = CBLIncrementalStore.h; sourceTree = "<group>"; };
		D82FE3441B38C29E00FEC8BA /* CBLIncrementalStore.m */ = {isa = PBXFileReference; fileEncoding = 4; lastKnownFileType = sourcecode.c.objc; path = CBLIncrementalStore.m; sourceTree = "<group>"; };
		D82FE3481B38C9B800FEC8BA /* CoreDataStack.swift */ = {isa = PBXFileReference; fileEncoding = 4; lastKnownFileType = sourcecode.swift; path = CoreDataStack.swift; sourceTree = "<group>"; };
		D849A12E1B5458C7007FD661 /* TestCoreDataStack.swift */ = {isa = PBXFileReference; fileEncoding = 4; lastKnownFileType = sourcecode.swift; path = TestCoreDataStack.swift; sourceTree = "<group>"; };
		D849A1331B546C75007FD661 /* LemonfaceMngrTest.swift */ = {isa = PBXFileReference; fileEncoding = 4; lastKnownFileType = sourcecode.swift; path = LemonfaceMngrTest.swift; sourceTree = "<group>"; };
		D85DB7401B4A3C04004679E8 /* LFIntroContentVC.swift */ = {isa = PBXFileReference; fileEncoding = 4; lastKnownFileType = sourcecode.swift; path = LFIntroContentVC.swift; sourceTree = "<group>"; };
		D89977A31B41D55900AE49F5 /* Main.storyboard */ = {isa = PBXFileReference; fileEncoding = 4; lastKnownFileType = file.storyboard; path = Main.storyboard; sourceTree = "<group>"; };
		D8A324D41B4F15FD00DA3A76 /* ProfilePhoto.swift */ = {isa = PBXFileReference; fileEncoding = 4; lastKnownFileType = sourcecode.swift; path = ProfilePhoto.swift; sourceTree = "<group>"; };
		D8A324D61B4F15FD00DA3A76 /* ShopPhoto.swift */ = {isa = PBXFileReference; fileEncoding = 4; lastKnownFileType = sourcecode.swift; path = ShopPhoto.swift; sourceTree = "<group>"; };
		D8A324D81B4F15FD00DA3A76 /* Tags.swift */ = {isa = PBXFileReference; fileEncoding = 4; lastKnownFileType = sourcecode.swift; path = Tags.swift; sourceTree = "<group>"; };
		D8A324DA1B4F15FD00DA3A76 /* Lemonshop.swift */ = {isa = PBXFileReference; fileEncoding = 4; lastKnownFileType = sourcecode.swift; path = Lemonshop.swift; sourceTree = "<group>"; };
		D8A324DE1B4F15FE00DA3A76 /* Message.swift */ = {isa = PBXFileReference; fileEncoding = 4; lastKnownFileType = sourcecode.swift; path = Message.swift; sourceTree = "<group>"; };
		D8A324E01B4F163900DA3A76 /* LemonfaceMngr.swift */ = {isa = PBXFileReference; fileEncoding = 4; lastKnownFileType = sourcecode.swift; path = LemonfaceMngr.swift; sourceTree = "<group>"; };
		D8A324E41B4F19BE00DA3A76 /* Lemonface.swift */ = {isa = PBXFileReference; fileEncoding = 4; lastKnownFileType = sourcecode.swift; path = Lemonface.swift; sourceTree = "<group>"; };
		D8A324E61B4F1F0700DA3A76 /* ObjCWrapperFunctions.swift */ = {isa = PBXFileReference; fileEncoding = 4; lastKnownFileType = sourcecode.swift; path = ObjCWrapperFunctions.swift; sourceTree = "<group>"; };
		D8C05C441B47CB81000B850C /* LFLoginVC.swift */ = {isa = PBXFileReference; fileEncoding = 4; lastKnownFileType = sourcecode.swift; path = LFLoginVC.swift; sourceTree = "<group>"; };
		D8C05C461B493DC4000B850C /* LFIntroVC.swift */ = {isa = PBXFileReference; fileEncoding = 4; lastKnownFileType = sourcecode.swift; path = LFIntroVC.swift; sourceTree = "<group>"; };
/* End PBXFileReference section */

/* Begin PBXFrameworksBuildPhase section */
		D82FE3171B38A67900FEC8BA /* Frameworks */ = {
			isa = PBXFrameworksBuildPhase;
			buildActionMask = 2147483647;
			files = (
				C0633E0245F2DC63E63F363B /* Pods_Lemonface.framework in Frameworks */,
			);
			runOnlyForDeploymentPostprocessing = 0;
		};
		D82FE32F1B38A67900FEC8BA /* Frameworks */ = {
			isa = PBXFrameworksBuildPhase;
			buildActionMask = 2147483647;
			files = (
				055ACDD0C6355E3BBE235BF5 /* Pods_LemonfaceTests.framework in Frameworks */,
			);
			runOnlyForDeploymentPostprocessing = 0;
		};
/* End PBXFrameworksBuildPhase section */

/* Begin PBXGroup section */
		035657934A9C19F8E9A450C5 /* Frameworks */ = {
			isa = PBXGroup;
			children = (
				2C8DD61ECC77D841093A566F /* Pods_Lemonface.framework */,
				B6E4948DB6832A6F7F63B97B /* Pods_LemonfaceTests.framework */,
			);
			name = Frameworks;
			sourceTree = "<group>";
		};
		7C5A322B925F3BEC3CB361F9 /* Pods */ = {
			isa = PBXGroup;
			children = (
				BE58CCB9AB7D331921DDAB27 /* Pods-Lemonface.debug.xcconfig */,
				AD08B8C9BAACF08FE219BF01 /* Pods-Lemonface.release.xcconfig */,
				AACD32670E00D5A84C4977FD /* Pods-LemonfaceTests.debug.xcconfig */,
				6267585A7AE6920864AAB3EE /* Pods-LemonfaceTests.release.xcconfig */,
			);
			name = Pods;
			sourceTree = "<group>";
		};
		D82225771B41F88900D80AE9 /* SLPaginView */ = {
			isa = PBXGroup;
			children = (
				D822257B1B4200EA00D80AE9 /* SLPagingViewSwift.swift */,
			);
			name = SLPaginView;
			sourceTree = "<group>";
		};
		D82901891B4DBCAD000023FD /* CoreDate */ = {
			isa = PBXGroup;
			children = (
				D8A324E41B4F19BE00DA3A76 /* Lemonface.swift */,
				D8A324DE1B4F15FE00DA3A76 /* Message.swift */,
				D8A324DA1B4F15FD00DA3A76 /* Lemonshop.swift */,
				D8A324D81B4F15FD00DA3A76 /* Tags.swift */,
				D8A324D61B4F15FD00DA3A76 /* ShopPhoto.swift */,
				D8A324D41B4F15FD00DA3A76 /* ProfilePhoto.swift */,
			);
			name = CoreDate;
			sourceTree = "<group>";
		};
		D829018A1B4DBCC3000023FD /* Model */ = {
			isa = PBXGroup;
			children = (
				D82FE3481B38C9B800FEC8BA /* CoreDataStack.swift */,
				D8A324E01B4F163900DA3A76 /* LemonfaceMngr.swift */,
				D82901891B4DBCAD000023FD /* CoreDate */,
			);
			name = Model;
			sourceTree = "<group>";
		};
		D82FE3111B38A67900FEC8BA = {
			isa = PBXGroup;
			children = (
				D82FE31C1B38A67900FEC8BA /* Lemonface */,
				D82FE3351B38A67900FEC8BA /* LemonfaceTests */,
				D82FE31B1B38A67900FEC8BA /* Products */,
				7C5A322B925F3BEC3CB361F9 /* Pods */,
				035657934A9C19F8E9A450C5 /* Frameworks */,
			);
			sourceTree = "<group>";
		};
		D82FE31B1B38A67900FEC8BA /* Products */ = {
			isa = PBXGroup;
			children = (
				D82FE31A1B38A67900FEC8BA /* Lemonface.app */,
				D82FE3321B38A67900FEC8BA /* LemonfaceTests.xctest */,
			);
			name = Products;
			sourceTree = "<group>";
		};
		D82FE31C1B38A67900FEC8BA /* Lemonface */ = {
			isa = PBXGroup;
			children = (
				D82FE31F1B38A67900FEC8BA /* AppDelegate.swift */,
				D81E72A71B4C9A90003F8F8D /* RootNavigationController.swift */,
				D8C05C461B493DC4000B850C /* LFIntroVC.swift */,
				D85DB7401B4A3C04004679E8 /* LFIntroContentVC.swift */,
				D829018D1B4DBF60000023FD /* LFPagePickerVC.swift */,
				D8C05C441B47CB81000B850C /* LFLoginVC.swift */,
				D81E72A51B4C91F3003F8F8D /* ChooseFBPageVC.swift */,
				D82225871B4209C900D80AE9 /* ProfileVC.swift */,
				D82225891B420C1400D80AE9 /* ApplicantsTVC.swift */,
				D822257F1B4201B300D80AE9 /* CandidatesTVC.swift */,
				D8A324E61B4F1F0700DA3A76 /* ObjCWrapperFunctions.swift */,
				D82FE3471B38C41400FEC8BA /* CB Extras */,
				D82225771B41F88900D80AE9 /* SLPaginView */,
				D829018A1B4DBCC3000023FD /* Model */,
				D82FE3291B38A67900FEC8BA /* Images.xcassets */,
				D89977A31B41D55900AE49F5 /* Main.storyboard */,
				D82FE32B1B38A67900FEC8BA /* LaunchScreen.xib */,
				D82FE3211B38A67900FEC8BA /* Lemonface.xcdatamodeld */,
				D82FE31D1B38A67900FEC8BA /* Supporting Files */,
			);
			path = Lemonface;
			sourceTree = "<group>";
		};
		D82FE31D1B38A67900FEC8BA /* Supporting Files */ = {
			isa = PBXGroup;
			children = (
				D82FE3421B38C29E00FEC8BA /* Lemonface-Bridging-Header.h */,
				D82FE31E1B38A67900FEC8BA /* Info.plist */,
			);
			name = "Supporting Files";
			sourceTree = "<group>";
		};
		D82FE3351B38A67900FEC8BA /* LemonfaceTests */ = {
			isa = PBXGroup;
			children = (
				D849A12E1B5458C7007FD661 /* TestCoreDataStack.swift */,
				D849A1331B546C75007FD661 /* LemonfaceMngrTest.swift */,
				D82FE3361B38A67900FEC8BA /* Supporting Files */,
			);
			path = LemonfaceTests;
			sourceTree = "<group>";
		};
		D82FE3361B38A67900FEC8BA /* Supporting Files */ = {
			isa = PBXGroup;
			children = (
				D82FE3371B38A67900FEC8BA /* Info.plist */,
			);
			name = "Supporting Files";
			sourceTree = "<group>";
		};
		D82FE3471B38C41400FEC8BA /* CB Extras */ = {
			isa = PBXGroup;
			children = (
				D82FE3431B38C29E00FEC8BA /* CBLIncrementalStore.h */,
				D82FE3441B38C29E00FEC8BA /* CBLIncrementalStore.m */,
			);
			name = "CB Extras";
			sourceTree = "<group>";
		};
/* End PBXGroup section */

/* Begin PBXNativeTarget section */
		D82FE3191B38A67900FEC8BA /* Lemonface */ = {
			isa = PBXNativeTarget;
			buildConfigurationList = D82FE33C1B38A67900FEC8BA /* Build configuration list for PBXNativeTarget "Lemonface" */;
			buildPhases = (
				69923C2D13B0289066F66110 /* Check Pods Manifest.lock */,
				D82FE3161B38A67900FEC8BA /* Sources */,
				D82FE3171B38A67900FEC8BA /* Frameworks */,
				D82FE3181B38A67900FEC8BA /* Resources */,
				D1E3EB79AFE1C33E4918EA1E /* Embed Pods Frameworks */,
				ACEA46FA5649FC619684EA96 /* Copy Pods Resources */,
			);
			buildRules = (
			);
			dependencies = (
			);
			name = Lemonface;
			productName = Lemonface;
			productReference = D82FE31A1B38A67900FEC8BA /* Lemonface.app */;
			productType = "com.apple.product-type.application";
		};
		D82FE3311B38A67900FEC8BA /* LemonfaceTests */ = {
			isa = PBXNativeTarget;
			buildConfigurationList = D82FE33F1B38A67900FEC8BA /* Build configuration list for PBXNativeTarget "LemonfaceTests" */;
			buildPhases = (
				4FE3CE1A78CB5B0DF0E8A8EA /* Check Pods Manifest.lock */,
				D82FE32E1B38A67900FEC8BA /* Sources */,
				D82FE32F1B38A67900FEC8BA /* Frameworks */,
				D82FE3301B38A67900FEC8BA /* Resources */,
				483CE49E4650583B7D3769C7 /* Embed Pods Frameworks */,
				7BE4612AE12EB6125C5EE5A8 /* Copy Pods Resources */,
			);
			buildRules = (
			);
			dependencies = (
				D82FE3341B38A67900FEC8BA /* PBXTargetDependency */,
			);
			name = LemonfaceTests;
			productName = LemonfaceTests;
			productReference = D82FE3321B38A67900FEC8BA /* LemonfaceTests.xctest */;
			productType = "com.apple.product-type.bundle.unit-test";
		};
/* End PBXNativeTarget section */

/* Begin PBXProject section */
		D82FE3121B38A67900FEC8BA /* Project object */ = {
			isa = PBXProject;
			attributes = {
				LastUpgradeCheck = 0630;
				ORGANIZATIONNAME = ooa;
				TargetAttributes = {
					D82FE3191B38A67900FEC8BA = {
						CreatedOnToolsVersion = 6.3.2;
					};
					D82FE3311B38A67900FEC8BA = {
						CreatedOnToolsVersion = 6.3.2;
						TestTargetID = D82FE3191B38A67900FEC8BA;
					};
				};
			};
			buildConfigurationList = D82FE3151B38A67900FEC8BA /* Build configuration list for PBXProject "Lemonface" */;
			compatibilityVersion = "Xcode 3.2";
			developmentRegion = English;
			hasScannedForEncodings = 0;
			knownRegions = (
				en,
				Base,
			);
			mainGroup = D82FE3111B38A67900FEC8BA;
			productRefGroup = D82FE31B1B38A67900FEC8BA /* Products */;
			projectDirPath = "";
			projectRoot = "";
			targets = (
				D82FE3191B38A67900FEC8BA /* Lemonface */,
				D82FE3311B38A67900FEC8BA /* LemonfaceTests */,
			);
		};
/* End PBXProject section */

/* Begin PBXResourcesBuildPhase section */
		D82FE3181B38A67900FEC8BA /* Resources */ = {
			isa = PBXResourcesBuildPhase;
			buildActionMask = 2147483647;
			files = (
				D89977A41B41D55900AE49F5 /* Main.storyboard in Resources */,
				D82FE32D1B38A67900FEC8BA /* LaunchScreen.xib in Resources */,
				D82FE32A1B38A67900FEC8BA /* Images.xcassets in Resources */,
			);
			runOnlyForDeploymentPostprocessing = 0;
		};
		D82FE3301B38A67900FEC8BA /* Resources */ = {
			isa = PBXResourcesBuildPhase;
			buildActionMask = 2147483647;
			files = (
			);
			runOnlyForDeploymentPostprocessing = 0;
		};
/* End PBXResourcesBuildPhase section */

/* Begin PBXShellScriptBuildPhase section */
		483CE49E4650583B7D3769C7 /* Embed Pods Frameworks */ = {
			isa = PBXShellScriptBuildPhase;
			buildActionMask = 2147483647;
			files = (
			);
			inputPaths = (
			);
			name = "Embed Pods Frameworks";
			outputPaths = (
			);
			runOnlyForDeploymentPostprocessing = 0;
			shellPath = /bin/sh;
			shellScript = "\"${SRCROOT}/Pods/Target Support Files/Pods-LemonfaceTests/Pods-LemonfaceTests-frameworks.sh\"\n";
			showEnvVarsInLog = 0;
		};
		4FE3CE1A78CB5B0DF0E8A8EA /* Check Pods Manifest.lock */ = {
			isa = PBXShellScriptBuildPhase;
			buildActionMask = 2147483647;
			files = (
			);
			inputPaths = (
			);
			name = "Check Pods Manifest.lock";
			outputPaths = (
			);
			runOnlyForDeploymentPostprocessing = 0;
			shellPath = /bin/sh;
			shellScript = "diff \"${PODS_ROOT}/../Podfile.lock\" \"${PODS_ROOT}/Manifest.lock\" > /dev/null\nif [[ $? != 0 ]] ; then\n    cat << EOM\nerror: The sandbox is not in sync with the Podfile.lock. Run 'pod install' or update your CocoaPods installation.\nEOM\n    exit 1\nfi\n";
			showEnvVarsInLog = 0;
		};
		69923C2D13B0289066F66110 /* Check Pods Manifest.lock */ = {
			isa = PBXShellScriptBuildPhase;
			buildActionMask = 2147483647;
			files = (
			);
			inputPaths = (
			);
			name = "Check Pods Manifest.lock";
			outputPaths = (
			);
			runOnlyForDeploymentPostprocessing = 0;
			shellPath = /bin/sh;
			shellScript = "diff \"${PODS_ROOT}/../Podfile.lock\" \"${PODS_ROOT}/Manifest.lock\" > /dev/null\nif [[ $? != 0 ]] ; then\n    cat << EOM\nerror: The sandbox is not in sync with the Podfile.lock. Run 'pod install' or update your CocoaPods installation.\nEOM\n    exit 1\nfi\n";
			showEnvVarsInLog = 0;
		};
		7BE4612AE12EB6125C5EE5A8 /* Copy Pods Resources */ = {
			isa = PBXShellScriptBuildPhase;
			buildActionMask = 2147483647;
			files = (
			);
			inputPaths = (
			);
			name = "Copy Pods Resources";
			outputPaths = (
			);
			runOnlyForDeploymentPostprocessing = 0;
			shellPath = /bin/sh;
			shellScript = "\"${SRCROOT}/Pods/Target Support Files/Pods-LemonfaceTests/Pods-LemonfaceTests-resources.sh\"\n";
			showEnvVarsInLog = 0;
		};
		ACEA46FA5649FC619684EA96 /* Copy Pods Resources */ = {
			isa = PBXShellScriptBuildPhase;
			buildActionMask = 2147483647;
			files = (
			);
			inputPaths = (
			);
			name = "Copy Pods Resources";
			outputPaths = (
			);
			runOnlyForDeploymentPostprocessing = 0;
			shellPath = /bin/sh;
			shellScript = "\"${SRCROOT}/Pods/Target Support Files/Pods-Lemonface/Pods-Lemonface-resources.sh\"\n";
			showEnvVarsInLog = 0;
		};
		D1E3EB79AFE1C33E4918EA1E /* Embed Pods Frameworks */ = {
			isa = PBXShellScriptBuildPhase;
			buildActionMask = 2147483647;
			files = (
			);
			inputPaths = (
			);
			name = "Embed Pods Frameworks";
			outputPaths = (
			);
			runOnlyForDeploymentPostprocessing = 0;
			shellPath = /bin/sh;
			shellScript = "\"${SRCROOT}/Pods/Target Support Files/Pods-Lemonface/Pods-Lemonface-frameworks.sh\"\n";
			showEnvVarsInLog = 0;
		};
/* End PBXShellScriptBuildPhase section */

/* Begin PBXSourcesBuildPhase section */
		D82FE3161B38A67900FEC8BA /* Sources */ = {
			isa = PBXSourcesBuildPhase;
			buildActionMask = 2147483647;
			files = (
				D82FE3491B38C9B800FEC8BA /* CoreDataStack.swift in Sources */,
				D8A324E71B4F1F0700DA3A76 /* ObjCWrapperFunctions.swift in Sources */,
				D82FE3451B38C29E00FEC8BA /* CBLIncrementalStore.m in Sources */,
				D822258A1B420C1400D80AE9 /* ApplicantsTVC.swift in Sources */,
				D8A324D51B4F15FD00DA3A76 /* ProfilePhoto.swift in Sources */,
				D829018E1B4DBF60000023FD /* LFPagePickerVC.swift in Sources */,
				D8A324D71B4F15FD00DA3A76 /* ShopPhoto.swift in Sources */,
				D82225801B4201B300D80AE9 /* CandidatesTVC.swift in Sources */,
				D8A324D91B4F15FD00DA3A76 /* Tags.swift in Sources */,
				D8C05C471B493DC4000B850C /* LFIntroVC.swift in Sources */,
				D8C05C451B47CB81000B850C /* LFLoginVC.swift in Sources */,
				D81E72A81B4C9A90003F8F8D /* RootNavigationController.swift in Sources */,
				D81E72A61B4C91F3003F8F8D /* ChooseFBPageVC.swift in Sources */,
				D8A324E11B4F163900DA3A76 /* LemonfaceMngr.swift in Sources */,
				D82225881B4209C900D80AE9 /* ProfileVC.swift in Sources */,
				D8A324DB1B4F15FD00DA3A76 /* Lemonshop.swift in Sources */,
				D85DB7411B4A3C04004679E8 /* LFIntroContentVC.swift in Sources */,
				D82FE3231B38A67900FEC8BA /* Lemonface.xcdatamodeld in Sources */,
				D8A324DF1B4F15FE00DA3A76 /* Message.swift in Sources */,
				D82FE3201B38A67900FEC8BA /* AppDelegate.swift in Sources */,
				D8A324E51B4F19BE00DA3A76 /* Lemonface.swift in Sources */,
				D822257C1B4200EA00D80AE9 /* SLPagingViewSwift.swift in Sources */,
			);
			runOnlyForDeploymentPostprocessing = 0;
		};
		D82FE32E1B38A67900FEC8BA /* Sources */ = {
			isa = PBXSourcesBuildPhase;
			buildActionMask = 2147483647;
			files = (
				D849A1401B547AF2007FD661 /* ProfilePhoto.swift in Sources */,
				D849A13F1B547AF0007FD661 /* ShopPhoto.swift in Sources */,
				D849A13D1B547AEA007FD661 /* Lemonshop.swift in Sources */,
				D849A1341B546C75007FD661 /* LemonfaceMngrTest.swift in Sources */,
				D849A13E1B547AED007FD661 /* Tags.swift in Sources */,
				D849A13C1B547AE8007FD661 /* Message.swift in Sources */,
				D849A13B1B547ABA007FD661 /* Lemonface.swift in Sources */,
				D849A12F1B5458C7007FD661 /* TestCoreDataStack.swift in Sources */,
			);
			runOnlyForDeploymentPostprocessing = 0;
		};
/* End PBXSourcesBuildPhase section */

/* Begin PBXTargetDependency section */
		D82FE3341B38A67900FEC8BA /* PBXTargetDependency */ = {
			isa = PBXTargetDependency;
			target = D82FE3191B38A67900FEC8BA /* Lemonface */;
			targetProxy = D82FE3331B38A67900FEC8BA /* PBXContainerItemProxy */;
		};
/* End PBXTargetDependency section */

/* Begin PBXVariantGroup section */
		D82FE32B1B38A67900FEC8BA /* LaunchScreen.xib */ = {
			isa = PBXVariantGroup;
			children = (
				D82FE32C1B38A67900FEC8BA /* Base */,
			);
			name = LaunchScreen.xib;
			sourceTree = "<group>";
		};
/* End PBXVariantGroup section */

/* Begin XCBuildConfiguration section */
		D82FE33A1B38A67900FEC8BA /* Debug */ = {
			isa = XCBuildConfiguration;
			buildSettings = {
				ALWAYS_SEARCH_USER_PATHS = NO;
				CLANG_CXX_LANGUAGE_STANDARD = "gnu++0x";
				CLANG_CXX_LIBRARY = "libc++";
				CLANG_ENABLE_MODULES = YES;
				CLANG_ENABLE_OBJC_ARC = YES;
				CLANG_WARN_BOOL_CONVERSION = YES;
				CLANG_WARN_CONSTANT_CONVERSION = YES;
				CLANG_WARN_DIRECT_OBJC_ISA_USAGE = YES_ERROR;
				CLANG_WARN_EMPTY_BODY = YES;
				CLANG_WARN_ENUM_CONVERSION = YES;
				CLANG_WARN_INT_CONVERSION = YES;
				CLANG_WARN_OBJC_ROOT_CLASS = YES_ERROR;
				CLANG_WARN_UNREACHABLE_CODE = YES;
				CLANG_WARN__DUPLICATE_METHOD_MATCH = YES;
				"CODE_SIGN_IDENTITY[sdk=iphoneos*]" = "iPhone Developer";
				COPY_PHASE_STRIP = NO;
				DEBUG_INFORMATION_FORMAT = "dwarf-with-dsym";
				ENABLE_STRICT_OBJC_MSGSEND = YES;
				GCC_C_LANGUAGE_STANDARD = gnu99;
				GCC_DYNAMIC_NO_PIC = NO;
				GCC_NO_COMMON_BLOCKS = YES;
				GCC_OPTIMIZATION_LEVEL = 0;
				GCC_PREPROCESSOR_DEFINITIONS = (
					"DEBUG=1",
					"$(inherited)",
				);
				GCC_SYMBOLS_PRIVATE_EXTERN = NO;
				GCC_WARN_64_TO_32_BIT_CONVERSION = YES;
				GCC_WARN_ABOUT_RETURN_TYPE = YES_ERROR;
				GCC_WARN_UNDECLARED_SELECTOR = YES;
				GCC_WARN_UNINITIALIZED_AUTOS = YES_AGGRESSIVE;
				GCC_WARN_UNUSED_FUNCTION = YES;
				GCC_WARN_UNUSED_VARIABLE = YES;
				IPHONEOS_DEPLOYMENT_TARGET = 8.3;
				MTL_ENABLE_DEBUG_INFO = YES;
				ONLY_ACTIVE_ARCH = YES;
				SDKROOT = iphoneos;
				SWIFT_OPTIMIZATION_LEVEL = "-Onone";
				TARGETED_DEVICE_FAMILY = "1,2";
			};
			name = Debug;
		};
		D82FE33B1B38A67900FEC8BA /* Release */ = {
			isa = XCBuildConfiguration;
			buildSettings = {
				ALWAYS_SEARCH_USER_PATHS = NO;
				CLANG_CXX_LANGUAGE_STANDARD = "gnu++0x";
				CLANG_CXX_LIBRARY = "libc++";
				CLANG_ENABLE_MODULES = YES;
				CLANG_ENABLE_OBJC_ARC = YES;
				CLANG_WARN_BOOL_CONVERSION = YES;
				CLANG_WARN_CONSTANT_CONVERSION = YES;
				CLANG_WARN_DIRECT_OBJC_ISA_USAGE = YES_ERROR;
				CLANG_WARN_EMPTY_BODY = YES;
				CLANG_WARN_ENUM_CONVERSION = YES;
				CLANG_WARN_INT_CONVERSION = YES;
				CLANG_WARN_OBJC_ROOT_CLASS = YES_ERROR;
				CLANG_WARN_UNREACHABLE_CODE = YES;
				CLANG_WARN__DUPLICATE_METHOD_MATCH = YES;
				"CODE_SIGN_IDENTITY[sdk=iphoneos*]" = "iPhone Developer";
				COPY_PHASE_STRIP = NO;
				DEBUG_INFORMATION_FORMAT = "dwarf-with-dsym";
				ENABLE_NS_ASSERTIONS = NO;
				ENABLE_STRICT_OBJC_MSGSEND = YES;
				GCC_C_LANGUAGE_STANDARD = gnu99;
				GCC_NO_COMMON_BLOCKS = YES;
				GCC_WARN_64_TO_32_BIT_CONVERSION = YES;
				GCC_WARN_ABOUT_RETURN_TYPE = YES_ERROR;
				GCC_WARN_UNDECLARED_SELECTOR = YES;
				GCC_WARN_UNINITIALIZED_AUTOS = YES_AGGRESSIVE;
				GCC_WARN_UNUSED_FUNCTION = YES;
				GCC_WARN_UNUSED_VARIABLE = YES;
				IPHONEOS_DEPLOYMENT_TARGET = 8.3;
				MTL_ENABLE_DEBUG_INFO = NO;
				SDKROOT = iphoneos;
				TARGETED_DEVICE_FAMILY = "1,2";
				VALIDATE_PRODUCT = YES;
			};
			name = Release;
		};
		D82FE33D1B38A67900FEC8BA /* Debug */ = {
			isa = XCBuildConfiguration;
			baseConfigurationReference = BE58CCB9AB7D331921DDAB27 /* Pods-Lemonface.debug.xcconfig */;
			buildSettings = {
				ASSETCATALOG_COMPILER_APPICON_NAME = AppIcon;
				CLANG_ENABLE_MODULES = YES;
				INFOPLIST_FILE = Lemonface/Info.plist;
				LD_RUNPATH_SEARCH_PATHS = "$(inherited) @executable_path/Frameworks";
				PRODUCT_NAME = "$(TARGET_NAME)";
				SWIFT_OBJC_BRIDGING_HEADER = "Lemonface/Lemonface-Bridging-Header.h";
				SWIFT_OPTIMIZATION_LEVEL = "-Onone";
			};
			name = Debug;
		};
		D82FE33E1B38A67900FEC8BA /* Release */ = {
			isa = XCBuildConfiguration;
			baseConfigurationReference = AD08B8C9BAACF08FE219BF01 /* Pods-Lemonface.release.xcconfig */;
			buildSettings = {
				ASSETCATALOG_COMPILER_APPICON_NAME = AppIcon;
				CLANG_ENABLE_MODULES = YES;
				INFOPLIST_FILE = Lemonface/Info.plist;
				LD_RUNPATH_SEARCH_PATHS = "$(inherited) @executable_path/Frameworks";
				PRODUCT_NAME = "$(TARGET_NAME)";
				SWIFT_OBJC_BRIDGING_HEADER = "Lemonface/Lemonface-Bridging-Header.h";
			};
			name = Release;
		};
		D82FE3401B38A67900FEC8BA /* Debug */ = {
			isa = XCBuildConfiguration;
			baseConfigurationReference = AACD32670E00D5A84C4977FD /* Pods-LemonfaceTests.debug.xcconfig */;
			buildSettings = {
				BUNDLE_LOADER = "$(TEST_HOST)";
				FRAMEWORK_SEARCH_PATHS = (
					"$(SDKROOT)/Developer/Library/Frameworks",
					"$(inherited)",
				);
				GCC_PREPROCESSOR_DEFINITIONS = (
					"DEBUG=1",
					"$(inherited)",
				);
				INFOPLIST_FILE = LemonfaceTests/Info.plist;
				LD_RUNPATH_SEARCH_PATHS = "$(inherited) @executable_path/Frameworks @loader_path/Frameworks";
				PRODUCT_NAME = "$(TARGET_NAME)";
				TEST_HOST = "$(BUILT_PRODUCTS_DIR)/Lemonface.app/Lemonface";
			};
			name = Debug;
		};
		D82FE3411B38A67900FEC8BA /* Release */ = {
			isa = XCBuildConfiguration;
			baseConfigurationReference = 6267585A7AE6920864AAB3EE /* Pods-LemonfaceTests.release.xcconfig */;
			buildSettings = {
				BUNDLE_LOADER = "$(TEST_HOST)";
				FRAMEWORK_SEARCH_PATHS = (
					"$(SDKROOT)/Developer/Library/Frameworks",
					"$(inherited)",
				);
				INFOPLIST_FILE = LemonfaceTests/Info.plist;
				LD_RUNPATH_SEARCH_PATHS = "$(inherited) @executable_path/Frameworks @loader_path/Frameworks";
				PRODUCT_NAME = "$(TARGET_NAME)";
				TEST_HOST = "$(BUILT_PRODUCTS_DIR)/Lemonface.app/Lemonface";
			};
			name = Release;
		};
/* End XCBuildConfiguration section */

/* Begin XCConfigurationList section */
		D82FE3151B38A67900FEC8BA /* Build configuration list for PBXProject "Lemonface" */ = {
			isa = XCConfigurationList;
			buildConfigurations = (
				D82FE33A1B38A67900FEC8BA /* Debug */,
				D82FE33B1B38A67900FEC8BA /* Release */,
			);
			defaultConfigurationIsVisible = 0;
			defaultConfigurationName = Release;
		};
		D82FE33C1B38A67900FEC8BA /* Build configuration list for PBXNativeTarget "Lemonface" */ = {
			isa = XCConfigurationList;
			buildConfigurations = (
				D82FE33D1B38A67900FEC8BA /* Debug */,
				D82FE33E1B38A67900FEC8BA /* Release */,
			);
			defaultConfigurationIsVisible = 0;
			defaultConfigurationName = Release;
		};
		D82FE33F1B38A67900FEC8BA /* Build configuration list for PBXNativeTarget "LemonfaceTests" */ = {
			isa = XCConfigurationList;
			buildConfigurations = (
				D82FE3401B38A67900FEC8BA /* Debug */,
				D82FE3411B38A67900FEC8BA /* Release */,
			);
			defaultConfigurationIsVisible = 0;
			defaultConfigurationName = Release;
		};
/* End XCConfigurationList section */

/* Begin XCVersionGroup section */
		D82FE3211B38A67900FEC8BA /* Lemonface.xcdatamodeld */ = {
			isa = XCVersionGroup;
			children = (
				D82FE3221B38A67900FEC8BA /* Lemonface.xcdatamodel */,
			);
			currentVersion = D82FE3221B38A67900FEC8BA /* Lemonface.xcdatamodel */;
			path = Lemonface.xcdatamodeld;
			sourceTree = "<group>";
			versionGroupType = wrapper.xcdatamodel;
		};
/* End XCVersionGroup section */
	};
	rootObject = D82FE3121B38A67900FEC8BA /* Project object */;
}
